# generated by tdvmm build -- do not edit
name: tdvmm_webstack
services:
  api:
    depends_on:
      postgres:
        condition: service_healthy
      redis:
        condition: service_healthy
    environment:
      INTERVAL_SECONDS: ${TDVMM_INTERVAL:-3600}
      MAX_ROWS: ${TDVMM_MAXROWS:-1000}
      PGDATABASE: appdb
      PGHOST: postgres
      PGUSER: postgres
      REDIS_HOST: redis
    image: localhost/tdvmm-webstack-api@sha256:5bbe856ac82101b30aacee2c151f64d84cc4c0cb05fcf58c607321fce6ca6ce1
    volumes:
    - /run/tdvmm/events:/run/tdvmm/events:rw
    - /run/tdvmm/ctl:/run/tdvmm/ctl:rw
  postgres:
    environment:
      POSTGRES_DB: appdb
      POSTGRES_HOST_AUTH_METHOD: trust
    healthcheck:
      interval: 2s
      retries: 5
      start_period: 60s
      test:
      - CMD-SHELL
      - pg_isready -U postgres -d appdb
      timeout: 3s
    image: localhost/tdvmm-postgres-57c72fd2a128@sha256:cbf217007d0742829dc120c3ea9cd2621e90eb3adfeaf6684e87ce268a2ca368
    shm_size: 256m
    volumes:
    - /var/lib/tdvmm-stack/binds/postgres/schema.sql:/docker-entrypoint-initdb.d/10-schema.sql:ro
    - /run/tdvmm/events:/run/tdvmm/events:rw
    - /run/tdvmm/ctl:/run/tdvmm/ctl:rw
  redis:
    healthcheck:
      interval: 2s
      retries: 5
      start_period: 10s
      test:
      - CMD
      - redis-cli
      - ping
      timeout: 3s
    image: docker.io/library/redis@sha256:9702d01c1f10c3ea9f48211b4362e44f154ff02d063e6f7268eba804059f53bf
    volumes:
    - /run/tdvmm/events:/run/tdvmm/events:rw
    - /run/tdvmm/ctl:/run/tdvmm/ctl:rw
