# generated by tdvmm build -- do not edit
stack     webstack
project   tdvmm_webstack
mem_mib   3072
ram_estimate_mib  1884
compose_lock_sha256  a3d4c71617474d31a889f38c4bcf948c132665e95a8a5bc7a3894705b5f50ed5
initramfs_sha256     49201b27339e11eadf379d9edcd59209e97e583bea70e793c51e17158abbb047  initramfs-alpine-webstack.cpio.gz
agent_sha256         9b548f2cbbae11a0d11e5bb18e7275f23f86b3a0d8b490a7ecf9eb7f9b790c51  tdvmm-agent
builder_image        docker.io/library/alpine:3.22@sha256:14358309a308569c32bdc37e2e0e9694be33a9d99e68afb0f5ff33cc1f695dce
builder_image        docker.io/library/debian:bookworm-slim@sha256:63a496b5d3b99214b39f5ed70eb71a61e590a77979c79cbee4faf991f8c0783e
builder_image        docker.io/library/rust:1.97-alpine3.22@sha256:b348cb409ac0a73de15065997a360063cf87465574a15e3e4469862cb8996f02
  build_base  service=api  base=docker.io/library/alpine@sha256:14358309a308569c32bdc37e2e0e9694be33a9d99e68afb0f5ff33cc1f695dce
  image  policy=build   service=api  tag=localhost/tdvmm-webstack-api:corpus  content_id=sha256:18ed2c2c00c9d2169428e18689af680386a57a5a33f7005e2a27758d1cafe90a  size_mib=19
  image  policy=plain   upstream=docker.io/library/busybox@sha256:dc2d74b28e4cf8984fa52af1f39bc7c3d9c73760b41a74d629f5d11b1ab28616  diffid=sha256:0958e0fef2d6a31e1325b8bfecd99dead933363682d69850a7606599023751bc  size_mib=4
  image  policy=plain   upstream=docker.io/library/redis@sha256:9702d01c1f10c3ea9f48211b4362e44f154ff02d063e6f7268eba804059f53bf  diffid=sha256:7211d01aba8fa2e9eb71ad34395cd313df5fc51a6b69b92d2dfad32cc37759cbsha256:d6393a2c10e958baf17bead6c691302cf7adc3fbf14714fa16442df87f9d7172sha256:75108e40de9ef0c7a41ceee6292e72c89649627c3b252f775fa95b3b1e20bccesha256:711a5ea41ff5157ed327236818d0fdf946cecc525617bfe256b9bcc8689da3a8sha256:28c9efbbd06dc4b6a05ef71b2fc43ce7a9dab156c037d8f33e10f60523815cffsha256:5f70bf18a086007016e948b04aed3b82103a36bea41755b6cddfaf10ace3c6efsha256:4eb8b1caebf43578c68b2f88448b7a3c3b443de75c40328b81bb4342f7a6058e  size_mib=38
  image  policy=squash  upstream=docker.io/library/postgres@sha256:57c72fd2a128e416c7fcc499958864df5301e940bca0a56f58fddf30ffc07777  seed_tag=localhost/tdvmm-postgres-57c72fd2a128:baked  src_diffid=sha256:af5b54b4903175790ece7037a66fd16496658d7030a59e2e2360f66038d74c8c  size_mib=283  GATE=ok
  pin    upstream=docker.io/library/postgres@sha256:57c72fd2a128e416c7fcc499958864df5301e940bca0a56f58fddf30ffc07777  pinned=localhost/tdvmm-postgres-57c72fd2a128@sha256:cbf217007d0742829dc120c3ea9cd2621e90eb3adfeaf6684e87ce268a2ca368
  pin    upstream=localhost/tdvmm-webstack-api:corpus  pinned=localhost/tdvmm-webstack-api@sha256:5bbe856ac82101b30aacee2c151f64d84cc4c0cb05fcf58c607321fce6ca6ce1
tdvmm_sha256          cba9da3d1999b047eefe5911c37542809d79f58db355ea293c75f9c309179f2f  webstack.tdvmm
