# generated by tdvmm build -- do not edit
stack     egress-probe
project   tdvmm_egress-probe
mem_mib   3072
ram_estimate_mib  1087
compose_lock_sha256  a832f138d219a17ae2b709a0f501d49b618f36c3ffcdb6c5e56f7f268f2721f6
initramfs_sha256     d429e602aaea973cd7811a472296e6d0e8191a43fe1f2ac4808c281b08ff82a7  initramfs-alpine-egress-probe.cpio.gz
agent_sha256         1e01d9ccc767b05de3e42b657a0240666d4c8daf83a329061c17d270bb63a7f0  tdvmm-agent
builder_image        docker.io/library/alpine:3.22@sha256:14358309a308569c32bdc37e2e0e9694be33a9d99e68afb0f5ff33cc1f695dce
builder_image        docker.io/library/debian:bookworm-slim@sha256:63a496b5d3b99214b39f5ed70eb71a61e590a77979c79cbee4faf991f8c0783e
builder_image        docker.io/library/rust:1.97-alpine3.22@sha256:b348cb409ac0a73de15065997a360063cf87465574a15e3e4469862cb8996f02
  image  policy=plain   upstream=docker.io/curlimages/curl@sha256:c1fe1679c34d9784c1b0d1e5f62ac0a79fca01fb6377cdd33e90473c6f9f9a69  diffid=sha256:3e01818d79cd3467f1d60e54224f3f6ce5170eceb54e265d96bb82344b8c24e7sha256:47f700d46e8a78ec5278107460349b8392e454014ed0bb48a1cd04fe1781f69dsha256:5f70bf18a086007016e948b04aed3b82103a36bea41755b6cddfaf10ace3c6ef  size_mib=21
  image  policy=plain   upstream=docker.io/library/busybox@sha256:dc2d74b28e4cf8984fa52af1f39bc7c3d9c73760b41a74d629f5d11b1ab28616  diffid=sha256:0958e0fef2d6a31e1325b8bfecd99dead933363682d69850a7606599023751bc  size_mib=4
tdvmm_sha256          f107e4ccba39269bcbb334bcb9491d898a39f26b0e2aa990a99dec79090fdd09  egress-probe.tdvmm
