# GENERATED by bake_compose.py -- do NOT edit. The only compose
# file the guest ever sees. Images pinned by digest; ports stripped;
# relative RO binds materialized to in-guest paths; project pinned.
name: dvmm_webstack
services:
  api:
    depends_on:
      postgres:
        condition: service_healthy
      redis:
        condition: service_healthy
    environment:
      INTERVAL_SECONDS: ${DVMM_INTERVAL:-3600}
      MAX_ROWS: ${DVMM_MAXROWS:-1000}
      PGDATABASE: appdb
      PGHOST: postgres
      PGUSER: postgres
      REDIS_HOST: redis
    image: localhost/dvmm-webstack-api@sha256:bfe34feef36b0c866c90ecc14a98e52db3cf5c64352ec1cf23c00fc819abf937
    volumes:
    - /run/dvmm/events:/run/dvmm/events:rw
  postgres:
    environment:
      POSTGRES_DB: appdb
      POSTGRES_HOST_AUTH_METHOD: trust
    healthcheck:
      interval: 2s
      retries: 5
      start_period: 60s
      test:
      - CMD-SHELL
      - pg_isready -U postgres -d appdb
      timeout: 3s
    image: localhost/dvmm-postgres-57c72fd2a128@sha256:cbf217007d0742829dc120c3ea9cd2621e90eb3adfeaf6684e87ce268a2ca368
    shm_size: 256m
    volumes:
    - /var/lib/dvmm-stack/binds/postgres/schema.sql:/docker-entrypoint-initdb.d/10-schema.sql:ro
    - /run/dvmm/events:/run/dvmm/events:rw
  redis:
    healthcheck:
      interval: 2s
      retries: 5
      start_period: 10s
      test:
      - CMD
      - redis-cli
      - ping
      timeout: 3s
    image: docker.io/library/redis@sha256:9702d01c1f10c3ea9f48211b4362e44f154ff02d063e6f7268eba804059f53bf
    volumes:
    - /run/dvmm/events:/run/dvmm/events:rw
