# GENERATED by bake_compose.py -- do NOT edit. The only compose
# file the guest ever sees. Images pinned by digest; ports stripped;
# relative RO binds materialized to in-guest paths; project pinned.
name: dvmm_demo
services:
  api:
    command:
    - /app/server.py
    depends_on:
      postgres:
        condition: service_healthy
      redis:
        condition: service_healthy
    environment:
      PGDATABASE: appdb
      PGHOST: postgres
      PGUSER: postgres
      REDIS_HOST: redis
    image: localhost/dvmm-demo-app@sha256:90c1378f0022512aef57192fe865d92f72a62a7615f44a51154231c4d3e9c171
  client:
    command:
    - /app/client.py
    depends_on:
      api:
        condition: service_started
    environment:
      API_ADDR: api:50051
      INTERVAL_SECONDS: ${DVMM_INTERVAL:-3600}
    image: localhost/dvmm-demo-app@sha256:90c1378f0022512aef57192fe865d92f72a62a7615f44a51154231c4d3e9c171
  postgres:
    command:
    - postgres
    - -c
    - bgwriter_delay=10000
    - -c
    - wal_writer_delay=10000
    - -c
    - checkpoint_timeout=3600
    - -c
    - autovacuum=off
    environment:
      POSTGRES_DB: appdb
      POSTGRES_HOST_AUTH_METHOD: trust
    healthcheck:
      interval: 5s
      retries: 5
      start_period: 60s
      test:
      - CMD-SHELL
      - pg_isready -U postgres -d appdb
      timeout: 3s
    image: localhost/dvmm-postgres-57c72fd2a128@sha256:cbf217007d0742829dc120c3ea9cd2621e90eb3adfeaf6684e87ce268a2ca368
    shm_size: 256m
    volumes:
    - /var/lib/dvmm-stack/binds/postgres/schema.sql:/docker-entrypoint-initdb.d/10-schema.sql:ro
  redis:
    command:
    - redis-server
    - --hz
    - '1'
    - --save
    - ''
    - --appendonly
    - 'no'
    healthcheck:
      interval: 5s
      retries: 5
      start_period: 10s
      test:
      - CMD
      - redis-cli
      - ping
      timeout: 3s
    image: docker.io/library/redis@sha256:9702d01c1f10c3ea9f48211b4362e44f154ff02d063e6f7268eba804059f53bf
  worker:
    command:
    - /app/worker.py
    depends_on:
      postgres:
        condition: service_healthy
    environment:
      INTERVAL_SECONDS: ${DVMM_INTERVAL:-3600}
      PGDATABASE: appdb
      PGHOST: postgres
      PGUSER: postgres
    image: localhost/dvmm-demo-app@sha256:90c1378f0022512aef57192fe865d92f72a62a7615f44a51154231c4d3e9c171
