# generated by tdvmm build -- do not edit
stack     tigerbeetle
project   tdvmm_tigerbeetle
mem_mib   3072
ram_estimate_mib  1104
compose_lock_sha256  c225d8c95f2e22ff44ae1e1bc86ae7f2f1b41fd53227246fd6b97e21f800b8a2
initramfs_sha256     ce35a7911926f019b2d6c8aa1431a896fd2fc8674350d7ee481d348e6050dede  initramfs-alpine-tigerbeetle.cpio.gz
agent_sha256         809d48451b49084a84b43b153e88219dcf52f0793437a51720dbdbf659082424  tdvmm-agent
builder_image        docker.io/library/alpine:3.22@sha256:14358309a308569c32bdc37e2e0e9694be33a9d99e68afb0f5ff33cc1f695dce
builder_image        docker.io/library/debian:bookworm-slim@sha256:63a496b5d3b99214b39f5ed70eb71a61e590a77979c79cbee4faf991f8c0783e
builder_image        docker.io/library/rust:1.97-alpine3.22@sha256:b348cb409ac0a73de15065997a360063cf87465574a15e3e4469862cb8996f02
  image  policy=plain   upstream=docker.io/library/busybox@sha256:dc2d74b28e4cf8984fa52af1f39bc7c3d9c73760b41a74d629f5d11b1ab28616  diffid=sha256:0958e0fef2d6a31e1325b8bfecd99dead933363682d69850a7606599023751bc  size_mib=4
  image  policy=plain   upstream=ghcr.io/tigerbeetle/tigerbeetle@sha256:177d6fbd12a3dab1782212cdaf034b5f9cb1bf73804b66116980bfe1064cc3b6  diffid=sha256:bc5a3fe779ad9e705b6c5d7fb7a482d1bf8b633e4e3e72152ea3f8953460cda9sha256:93bb1811b71dbaaf723140abe2293f36e1822e9e881e3f191a12b40aa48d7181sha256:a45db8de3580946de982d2d817eb80d37e11a265e2ca9c27e84e20ecfb78af98  size_mib=28
tdvmm_sha256          fb29cf933fe63c0cbf57d92dae635fd7cea70134c51a79e4f3d75dcbc20b53fc  tigerbeetle.tdvmm
