# generated by tdvmm build -- do not edit
name: tdvmm_pgcluster
services:
  driver:
    command:
    - /app/driver.py
    depends_on:
    - pg-primary
    - pg-standby
    environment:
      PGDATABASE: appdb
      PGHOST: pg-primary
      PGUSER: postgres
    image: localhost/tdvmm-pgcluster-driver@sha256:3db87a46068e1523369a95282897a3100cbd62826b83647e209058caa2e45b46
    volumes:
    - /var/lib/tdvmm-stack/binds/driver/tdvmm.py:/app/tdvmm.py:ro
    - /var/lib/tdvmm-stack/binds/driver/driver.py:/app/driver.py:ro
    - /run/tdvmm/events:/run/tdvmm/events:rw
    - /run/tdvmm/ctl:/run/tdvmm/ctl:rw
  pg-primary:
    command:
    - postgres
    - -c
    - bgwriter_delay=10000
    - -c
    - wal_writer_delay=10000
    - -c
    - checkpoint_timeout=3600
    - -c
    - autovacuum=off
    - -c
    - wal_level=replica
    - -c
    - max_wal_senders=4
    - -c
    - wal_sender_timeout=0
    environment:
      POSTGRES_DB: appdb
      POSTGRES_HOST_AUTH_METHOD: trust
    image: localhost/tdvmm-postgres-57c72fd2a128@sha256:cbf217007d0742829dc120c3ea9cd2621e90eb3adfeaf6684e87ce268a2ca368
    shm_size: 256m
    volumes:
    - /var/lib/tdvmm-stack/binds/pg-primary/primary-hba.sh:/docker-entrypoint-initdb.d/10-replication-hba.sh:ro
    - /run/tdvmm/events:/run/tdvmm/events:rw
    - /run/tdvmm/ctl:/run/tdvmm/ctl:rw
  pg-standby:
    depends_on:
    - pg-primary
    entrypoint:
    - /bin/sh
    - /opt/standby.sh
    image: localhost/tdvmm-postgres-57c72fd2a128@sha256:cbf217007d0742829dc120c3ea9cd2621e90eb3adfeaf6684e87ce268a2ca368
    shm_size: 256m
    volumes:
    - /var/lib/tdvmm-stack/binds/pg-standby/standby.sh:/opt/standby.sh:ro
    - /run/tdvmm/events:/run/tdvmm/events:rw
    - /run/tdvmm/ctl:/run/tdvmm/ctl:rw
