# generated by tdvmm build -- do not edit
name: tdvmm_insert-trim
services:
  postgres:
    environment:
      POSTGRES_DB: appdb
      POSTGRES_HOST_AUTH_METHOD: trust
    image: localhost/tdvmm-postgres-57c72fd2a128@sha256:cbf217007d0742829dc120c3ea9cd2621e90eb3adfeaf6684e87ce268a2ca368
    shm_size: 256m
    volumes:
    - /var/lib/tdvmm-stack/binds/postgres/schema.sql:/docker-entrypoint-initdb.d/10-schema.sql:ro
    - /run/tdvmm/events:/run/tdvmm/events:rw
  service:
    depends_on:
    - postgres
    entrypoint:
    - /bin/sh
    - /opt/tdvmm/service-loop.sh
    environment:
      INTERVAL_SECONDS: ${TDVMM_INTERVAL:-3600}
      MAX_ROWS: ${TDVMM_MAXROWS:-1000}
      PGDATABASE: appdb
      PGHOST: postgres
      PGUSER: postgres
    image: localhost/tdvmm-postgres-57c72fd2a128@sha256:cbf217007d0742829dc120c3ea9cd2621e90eb3adfeaf6684e87ce268a2ca368
    volumes:
    - /var/lib/tdvmm-stack/binds/service/service-loop.sh:/opt/tdvmm/service-loop.sh:ro
    - /run/tdvmm/events:/run/tdvmm/events:rw
