# tdvmm guest kernel pin (Fable Part C).
#
# The guest vmlinux is acquired EITHER by fetching the pinned GitHub release
# asset (PRIMARY, verified against KERNEL_SHA256) OR by a reproducible build in
# the pinned builder container (FALLBACK, also verified). Both paths yield the
# byte-identical kernel recorded here. No host kernel toolchain is required.
#
# Regenerate with:  tdvmm build-kernel --record
KERNEL_VERSION=6.1.128
KERNEL_SHA256=19506f476c069e76d8aad4cfc6f33fec1a0ea7f99432e6ed3a8936b28b2a335e
KERNEL_CONFIG_SHA256=81a74cbbaee62a05e54f76db3bc4105d580e4ed1f409fe4609efdf8971a55969
KERNEL_SOURCE_URL=https://cdn.kernel.org/pub/linux/kernel/v6.x/linux-6.1.128.tar.xz
KERNEL_SOURCE_SHA256=874d67d3181570e69ac6b33853f0448f05fc90d4cf3e4baaadc4a9cede7c50f3
BUILDER_IMAGE=docker.io/library/debian:bookworm-slim
BUILDER_DIGEST=sha256:63a496b5d3b99214b39f5ed70eb71a61e590a77979c79cbee4faf991f8c0783e
RELEASE_ASSET_URL=https://github.com/clarkmcc/tdvmm/releases/download/kernel-6.1.128/vmlinux-6.1.128
RELEASE_ASSET_NAME=vmlinux-6.1.128
