# generated by tdvmm build -- do not edit
name: tdvmm_driverlab
services:
  driver:
    command:
    - /app/driver.py
    depends_on:
    - peer
    environment:
      DRIVER_MODE: ${TDVMM_DRIVERMODE:-pass}
    image: localhost/tdvmm-driverlab-driver@sha256:3f1be011211426f72c2cfc0ff79099a36478540bf31c5e4f3bf179ed942c2e78
    volumes:
    - /var/lib/tdvmm-stack/binds/driver/tdvmm.py:/app/tdvmm.py:ro
    - /var/lib/tdvmm-stack/binds/driver/driver.py:/app/driver.py:ro
    - /run/tdvmm/events:/run/tdvmm/events:rw
    - /run/tdvmm/ctl:/run/tdvmm/ctl:rw
  peer:
    entrypoint:
    - /bin/sh
    - -c
    - while true; do sleep 3600; done
    image: docker.io/library/busybox@sha256:dc2d74b28e4cf8984fa52af1f39bc7c3d9c73760b41a74d629f5d11b1ab28616
    volumes:
    - /run/tdvmm/events:/run/tdvmm/events:rw
    - /run/tdvmm/ctl:/run/tdvmm/ctl:rw
