# generated by tdvmm build -- do not edit
name: tdvmm_driverlab
services:
  driver:
    depends_on:
    - peer
    environment:
      DRIVER_MODE: ${TDVMM_DRIVERMODE:-pass}
    image: localhost/tdvmm-driverlab-driver@sha256:f7587870cb370f3cc8334028031cee03e6d408c64ae43527d7f4e81d7c77cb12
    volumes:
    - /run/tdvmm/events:/run/tdvmm/events:rw
    - /run/tdvmm/ctl:/run/tdvmm/ctl:rw
  peer:
    entrypoint:
    - /bin/sh
    - -c
    - while true; do sleep 3600; done
    image: docker.io/library/busybox@sha256:dc2d74b28e4cf8984fa52af1f39bc7c3d9c73760b41a74d629f5d11b1ab28616
    volumes:
    - /run/tdvmm/events:/run/tdvmm/events:rw
    - /run/tdvmm/ctl:/run/tdvmm/ctl:rw
