# generated by tdvmm build -- do not edit
stack     driverlab
project   tdvmm_driverlab
mem_mib   3072
ram_estimate_mib  1062
compose_lock_sha256  7919785b3e69adab948a7d9a74a1c51822210493726a02ca732a81324ac69b79
initramfs_sha256     b44c4bc35a1be7ec0297bb0dda0a840d8644877bcb00d29a989004871390673d  initramfs-alpine-driverlab.cpio.gz
agent_sha256         9b548f2cbbae11a0d11e5bb18e7275f23f86b3a0d8b490a7ecf9eb7f9b790c51  tdvmm-agent
builder_image        docker.io/library/alpine:3.22@sha256:14358309a308569c32bdc37e2e0e9694be33a9d99e68afb0f5ff33cc1f695dce
builder_image        docker.io/library/debian:bookworm-slim@sha256:63a496b5d3b99214b39f5ed70eb71a61e590a77979c79cbee4faf991f8c0783e
builder_image        docker.io/library/rust:1.97-alpine3.22@sha256:b348cb409ac0a73de15065997a360063cf87465574a15e3e4469862cb8996f02
  build_base  service=driver  base=docker.io/library/busybox@sha256:dc2d74b28e4cf8984fa52af1f39bc7c3d9c73760b41a74d629f5d11b1ab28616
  build_base  service=driver  base=docker.io/library/golang@sha256:457d8584db11412777c4196146b8060fdaabe0b0ba7b62c553d08e07d8c22bd3
  image  policy=build   service=driver  tag=localhost/tdvmm-driverlab-driver:corpus  content_id=sha256:cedfd2db0d598e11253f6330a8b24edfc7d488eecc3c638946e1fae297300584  size_mib=7
  image  policy=plain   upstream=docker.io/library/busybox@sha256:dc2d74b28e4cf8984fa52af1f39bc7c3d9c73760b41a74d629f5d11b1ab28616  diffid=sha256:0958e0fef2d6a31e1325b8bfecd99dead933363682d69850a7606599023751bc  size_mib=4
  image  policy=plain   upstream=docker.io/library/busybox@sha256:dc2d74b28e4cf8984fa52af1f39bc7c3d9c73760b41a74d629f5d11b1ab28616  diffid=sha256:0958e0fef2d6a31e1325b8bfecd99dead933363682d69850a7606599023751bc  size_mib=4
  pin    upstream=localhost/tdvmm-driverlab-driver:corpus  pinned=localhost/tdvmm-driverlab-driver@sha256:f7587870cb370f3cc8334028031cee03e6d408c64ae43527d7f4e81d7c77cb12
tdvmm_sha256          06785e4730c1fe273c383ce6da2d65d6061b86b88a788dd02dbbf4f0a19d3425  driverlab.tdvmm
