# generated by tdvmm build -- do not edit
name: tdvmm_tigerbeetle
networks:
  tb:
    ipam:
      config:
      - subnet: 10.240.0.0/24
services:
  client:
    depends_on:
    - replica0
    - replica1
    - replica2
    entrypoint:
    - /bin/sh
    - /scripts/client.sh
    environment:
      INTERVAL_SECONDS: ${TDVMM_INTERVAL:-3600}
    image: ghcr.io/tigerbeetle/tigerbeetle@sha256:177d6fbd12a3dab1782212cdaf034b5f9cb1bf73804b66116980bfe1064cc3b6
    networks:
      tb:
        ipv4_address: 10.240.0.20
    security_opt:
    - seccomp=unconfined
    volumes:
    - /var/lib/tdvmm-stack/binds/client/client.sh:/scripts/client.sh:ro
    - /run/tdvmm/events:/run/tdvmm/events:rw
    - /run/tdvmm/ctl:/run/tdvmm/ctl:rw
  replica0:
    entrypoint:
    - /bin/sh
    - /scripts/replica.sh
    - '0'
    image: ghcr.io/tigerbeetle/tigerbeetle@sha256:177d6fbd12a3dab1782212cdaf034b5f9cb1bf73804b66116980bfe1064cc3b6
    networks:
      tb:
        ipv4_address: 10.240.0.10
    security_opt:
    - seccomp=unconfined
    volumes:
    - /var/lib/tdvmm-stack/binds/replica0/replica.sh:/scripts/replica.sh:ro
    - /run/tdvmm/events:/run/tdvmm/events:rw
    - /run/tdvmm/ctl:/run/tdvmm/ctl:rw
  replica1:
    entrypoint:
    - /bin/sh
    - /scripts/replica.sh
    - '1'
    image: ghcr.io/tigerbeetle/tigerbeetle@sha256:177d6fbd12a3dab1782212cdaf034b5f9cb1bf73804b66116980bfe1064cc3b6
    networks:
      tb:
        ipv4_address: 10.240.0.11
    security_opt:
    - seccomp=unconfined
    volumes:
    - /var/lib/tdvmm-stack/binds/replica1/replica.sh:/scripts/replica.sh:ro
    - /run/tdvmm/events:/run/tdvmm/events:rw
    - /run/tdvmm/ctl:/run/tdvmm/ctl:rw
  replica2:
    entrypoint:
    - /bin/sh
    - /scripts/replica.sh
    - '2'
    image: ghcr.io/tigerbeetle/tigerbeetle@sha256:177d6fbd12a3dab1782212cdaf034b5f9cb1bf73804b66116980bfe1064cc3b6
    networks:
      tb:
        ipv4_address: 10.240.0.12
    security_opt:
    - seccomp=unconfined
    volumes:
    - /var/lib/tdvmm-stack/binds/replica2/replica.sh:/scripts/replica.sh:ro
    - /run/tdvmm/events:/run/tdvmm/events:rw
    - /run/tdvmm/ctl:/run/tdvmm/ctl:rw
