# generated by tdvmm build -- do not edit
stack     tigerbeetle
project   tdvmm_tigerbeetle
mem_mib   3072
ram_estimate_mib  1179
compose_lock_sha256  f0cee48d47eff008e3406dff70cf3d70ecf306fc0ad3f6380512475e930e42f5
initramfs_sha256     6d937a86e357ce9199dc0cf87da411f35dadb35eaf88d7e8e854201875aa037f  initramfs-alpine-tigerbeetle.cpio.gz
agent_sha256         1e01d9ccc767b05de3e42b657a0240666d4c8daf83a329061c17d270bb63a7f0  tdvmm-agent
builder_image        docker.io/library/alpine:3.22@sha256:14358309a308569c32bdc37e2e0e9694be33a9d99e68afb0f5ff33cc1f695dce
builder_image        docker.io/library/debian:bookworm-slim@sha256:63a496b5d3b99214b39f5ed70eb71a61e590a77979c79cbee4faf991f8c0783e
builder_image        docker.io/library/rust:1.97-alpine3.22@sha256:b348cb409ac0a73de15065997a360063cf87465574a15e3e4469862cb8996f02
  build_base  service=driver  base=docker.io/library/golang@sha256:457d8584db11412777c4196146b8060fdaabe0b0ba7b62c553d08e07d8c22bd3
  build_base  service=driver  base=ghcr.io/tigerbeetle/tigerbeetle@sha256:177d6fbd12a3dab1782212cdaf034b5f9cb1bf73804b66116980bfe1064cc3b6
  image  policy=build   service=driver  tag=localhost/tdvmm-tigerbeetle-driver:corpus  content_id=sha256:0f910717329f41ab94901e58be72da01418fa09c1000c3bc7efdcdfc63ad001b  size_mib=30
  image  policy=plain   upstream=docker.io/library/busybox@sha256:dc2d74b28e4cf8984fa52af1f39bc7c3d9c73760b41a74d629f5d11b1ab28616  diffid=sha256:0958e0fef2d6a31e1325b8bfecd99dead933363682d69850a7606599023751bc  size_mib=4
  image  policy=plain   upstream=ghcr.io/tigerbeetle/tigerbeetle@sha256:177d6fbd12a3dab1782212cdaf034b5f9cb1bf73804b66116980bfe1064cc3b6  diffid=sha256:bc5a3fe779ad9e705b6c5d7fb7a482d1bf8b633e4e3e72152ea3f8953460cda9sha256:93bb1811b71dbaaf723140abe2293f36e1822e9e881e3f191a12b40aa48d7181sha256:a45db8de3580946de982d2d817eb80d37e11a265e2ca9c27e84e20ecfb78af98  size_mib=28
  pin    upstream=localhost/tdvmm-tigerbeetle-driver:corpus  pinned=localhost/tdvmm-tigerbeetle-driver@sha256:fd64123fc1551bfe4f405bf036f2ab4058ca4b1478eb9dd57462b61d16e23224
tdvmm_sha256          b7d39a1b67230f1f2bca4b34eb869067aa9fb6edf14e2c6ca66be989664a915e  tigerbeetle.tdvmm
