# generated by tdvmm build -- do not edit
stack     faultlab
project   tdvmm_faultlab
mem_mib   3072
ram_estimate_mib  1742
compose_lock_sha256  6c19a8341b13696e2d5df85eba809b45bc7a76847e01c8af5a81e019fc97e82a
initramfs_sha256     c7f383cf0e90794428a4a6349e69196732d727f2f0ef4a14befaf912fce7b7c6  initramfs-alpine-faultlab.cpio.gz
agent_sha256         1e01d9ccc767b05de3e42b657a0240666d4c8daf83a329061c17d270bb63a7f0  tdvmm-agent
builder_image        docker.io/library/alpine:3.22@sha256:14358309a308569c32bdc37e2e0e9694be33a9d99e68afb0f5ff33cc1f695dce
builder_image        docker.io/library/debian:bookworm-slim@sha256:63a496b5d3b99214b39f5ed70eb71a61e590a77979c79cbee4faf991f8c0783e
builder_image        docker.io/library/rust:1.97-alpine3.22@sha256:b348cb409ac0a73de15065997a360063cf87465574a15e3e4469862cb8996f02
  image  policy=plain   upstream=docker.io/library/busybox@sha256:dc2d74b28e4cf8984fa52af1f39bc7c3d9c73760b41a74d629f5d11b1ab28616  diffid=sha256:0958e0fef2d6a31e1325b8bfecd99dead933363682d69850a7606599023751bc  size_mib=4
  image  policy=squash  upstream=docker.io/library/postgres@sha256:57c72fd2a128e416c7fcc499958864df5301e940bca0a56f58fddf30ffc07777  seed_tag=localhost/tdvmm-postgres-57c72fd2a128:baked  src_diffid=sha256:af5b54b4903175790ece7037a66fd16496658d7030a59e2e2360f66038d74c8c  size_mib=283  GATE=ok
  pin    upstream=docker.io/library/postgres@sha256:57c72fd2a128e416c7fcc499958864df5301e940bca0a56f58fddf30ffc07777  pinned=localhost/tdvmm-postgres-57c72fd2a128@sha256:cbf217007d0742829dc120c3ea9cd2621e90eb3adfeaf6684e87ce268a2ca368
tdvmm_sha256          09bb05574ee329c78d64dc104277aede4e2f92e28bef2b20d4e9d115dc428761  faultlab.tdvmm
