# GENERATED by bake_compose.py -- do NOT edit. The only compose
# file the guest ever sees. Images pinned by digest; ports stripped;
# relative RO binds materialized to in-guest paths; project pinned.
name: dvmm_configpipeline
services:
  sidecar:
    command:
    - /bin/sh
    - -c
    - "echo \"DVMM_SIDECAR_START ts=$$(date -u +%H:%M:%S)\"\n# Poll the SHARED named\
      \ volume on a short cadence (a virtual sleep FF\n# collapses) so we reliably\
      \ observe the worker's write regardless of\n# start order, and announce the\
      \ first time we see it.\nseen=0\ni=0\nwhile :; do\n  i=$$((i + 1))\n  latest=\"\
      $$(cat /var/state/latest.txt 2>/dev/null)\"\n  echo \"DVMM_SIDECAR_READ iter=$$i\
      \ latest=$${latest:-<none>} ts=$$(date -u +%H:%M:%S)\"\n  case \"$$latest\"\
      \ in\n    worker-iter-*)\n      if [ \"$$seen\" -eq 0 ]; then\n        echo\
      \ \"DVMM_SIDECAR_SHARED_OK latest=$$latest (read worker data via shared named\
      \ volume)\"\n        seen=1\n      fi\n      ;;\n  esac\n  sleep 5\ndone\n"
    depends_on:
    - worker
    image: docker.io/library/busybox@sha256:dc2d74b28e4cf8984fa52af1f39bc7c3d9c73760b41a74d629f5d11b1ab28616
    volumes:
    - state:/var/state:ro
  worker:
    environment:
      INTERVAL_SECONDS: ${DVMM_INTERVAL:-3600}
    image: localhost/dvmm-configpipeline-worker@sha256:b82c8a23d2e8cc21a56b743fa6f4de1c2158f346615026057019c9ea15306d83
    volumes:
    - /var/lib/dvmm-stack/binds/worker/config:/etc/app:rw
    - state:/var/state
volumes:
  state: null
