# GENERATED by bake_compose.py -- do NOT edit. The only compose
# file the guest ever sees. Images pinned by digest; ports stripped;
# relative RO binds materialized to in-guest paths; project pinned.
name: dvmm_dogfood
services:
  postgres:
    environment:
      POSTGRES_DB: appdb
      POSTGRES_HOST_AUTH_METHOD: trust
    image: localhost/dvmm-postgres-57c72fd2a128@sha256:cbf217007d0742829dc120c3ea9cd2621e90eb3adfeaf6684e87ce268a2ca368
    shm_size: 256m
    volumes:
    - /var/lib/dvmm-stack/binds/postgres/schema.sql:/docker-entrypoint-initdb.d/10-schema.sql:ro
  service:
    depends_on:
    - postgres
    entrypoint:
    - /bin/sh
    - /opt/dvmm/service-loop.sh
    environment:
      INTERVAL_SECONDS: ${DVMM_INTERVAL:-3600}
      MAX_ROWS: ${DVMM_MAXROWS:-1000}
      PGDATABASE: appdb
      PGHOST: postgres
      PGUSER: postgres
    image: localhost/dvmm-postgres-57c72fd2a128@sha256:cbf217007d0742829dc120c3ea9cd2621e90eb3adfeaf6684e87ce268a2ca368
    volumes:
    - /var/lib/dvmm-stack/binds/service/service-loop.sh:/opt/dvmm/service-loop.sh:ro
