# generated by tdvmm build -- do not edit
name: tdvmm_demo
services:
  api:
    command:
    - /app/server.py
    depends_on:
      postgres:
        condition: service_healthy
      redis:
        condition: service_healthy
    environment:
      PGDATABASE: appdb
      PGHOST: postgres
      PGUSER: postgres
      REDIS_HOST: redis
    image: localhost/tdvmm-demo-app@sha256:b40cb88833813fc1ffdb52d014420e0ff408749a56b1471b0508ee19306db9b4
    volumes:
    - /run/tdvmm/events:/run/tdvmm/events:rw
  client:
    command:
    - /app/client.py
    depends_on:
      api:
        condition: service_started
    environment:
      API_ADDR: api:50051
      INTERVAL_SECONDS: ${TDVMM_INTERVAL:-3600}
    image: localhost/tdvmm-demo-app@sha256:b40cb88833813fc1ffdb52d014420e0ff408749a56b1471b0508ee19306db9b4
    volumes:
    - /run/tdvmm/events:/run/tdvmm/events:rw
  postgres:
    command:
    - postgres
    - -c
    - bgwriter_delay=10000
    - -c
    - wal_writer_delay=10000
    - -c
    - checkpoint_timeout=3600
    - -c
    - autovacuum=off
    environment:
      POSTGRES_DB: appdb
      POSTGRES_HOST_AUTH_METHOD: trust
    healthcheck:
      interval: 5s
      retries: 5
      start_period: 60s
      test:
      - CMD-SHELL
      - pg_isready -U postgres -d appdb
      timeout: 3s
    image: localhost/tdvmm-postgres-57c72fd2a128@sha256:cbf217007d0742829dc120c3ea9cd2621e90eb3adfeaf6684e87ce268a2ca368
    shm_size: 256m
    volumes:
    - /var/lib/tdvmm-stack/binds/postgres/schema.sql:/docker-entrypoint-initdb.d/10-schema.sql:ro
    - /run/tdvmm/events:/run/tdvmm/events:rw
  redis:
    command:
    - redis-server
    - --hz
    - '1'
    - --save
    - ''
    - --appendonly
    - 'no'
    healthcheck:
      interval: 5s
      retries: 5
      start_period: 10s
      test:
      - CMD
      - redis-cli
      - ping
      timeout: 3s
    image: docker.io/library/redis@sha256:9702d01c1f10c3ea9f48211b4362e44f154ff02d063e6f7268eba804059f53bf
    volumes:
    - /run/tdvmm/events:/run/tdvmm/events:rw
  worker:
    command:
    - /app/worker.py
    depends_on:
      postgres:
        condition: service_healthy
    environment:
      INTERVAL_SECONDS: ${TDVMM_INTERVAL:-3600}
      PGDATABASE: appdb
      PGHOST: postgres
      PGUSER: postgres
    image: localhost/tdvmm-demo-app@sha256:b40cb88833813fc1ffdb52d014420e0ff408749a56b1471b0508ee19306db9b4
    volumes:
    - /run/tdvmm/events:/run/tdvmm/events:rw
