# generated by tdvmm build -- do not edit
stack     demo
project   tdvmm_demo
mem_mib   3072
ram_estimate_mib  2414
compose_lock_sha256  ca1636ee34215a4817212f5860d912d8c5633a3306a9d43630723539c76ec22c
initramfs_sha256     3aa75844ba88f5885b866c039c52e3400ef186160b60093aa37bc29de6a09d40  initramfs-alpine-demo.cpio.gz
agent_sha256         809d48451b49084a84b43b153e88219dcf52f0793437a51720dbdbf659082424  tdvmm-agent
builder_image        docker.io/library/alpine:3.22@sha256:14358309a308569c32bdc37e2e0e9694be33a9d99e68afb0f5ff33cc1f695dce
builder_image        docker.io/library/debian:bookworm-slim@sha256:63a496b5d3b99214b39f5ed70eb71a61e590a77979c79cbee4faf991f8c0783e
builder_image        docker.io/library/rust:1.97-alpine3.22@sha256:b348cb409ac0a73de15065997a360063cf87465574a15e3e4469862cb8996f02
  build_base  service=api  base=docker.io/library/alpine@sha256:14358309a308569c32bdc37e2e0e9694be33a9d99e68afb0f5ff33cc1f695dce
  build_base  service=client  base=docker.io/library/alpine@sha256:14358309a308569c32bdc37e2e0e9694be33a9d99e68afb0f5ff33cc1f695dce
  build_base  service=worker  base=docker.io/library/alpine@sha256:14358309a308569c32bdc37e2e0e9694be33a9d99e68afb0f5ff33cc1f695dce
  image  policy=build   service=api  tag=localhost/tdvmm-demo-app:demo  content_id=sha256:f2cd029bfe148b444d33aa1888dc68afe1e366fbcac66e642aab4fe5b69ce5ce  size_mib=77
  image  policy=build   service=api  tag=localhost/tdvmm-demo-app:demo  content_id=sha256:f2cd029bfe148b444d33aa1888dc68afe1e366fbcac66e642aab4fe5b69ce5ce  size_mib=77
  image  policy=build   service=api  tag=localhost/tdvmm-demo-app:demo  content_id=sha256:f2cd029bfe148b444d33aa1888dc68afe1e366fbcac66e642aab4fe5b69ce5ce  size_mib=77
  image  policy=plain   upstream=docker.io/library/busybox@sha256:dc2d74b28e4cf8984fa52af1f39bc7c3d9c73760b41a74d629f5d11b1ab28616  diffid=sha256:0958e0fef2d6a31e1325b8bfecd99dead933363682d69850a7606599023751bc  size_mib=4
  image  policy=plain   upstream=docker.io/library/redis@sha256:9702d01c1f10c3ea9f48211b4362e44f154ff02d063e6f7268eba804059f53bf  diffid=sha256:7211d01aba8fa2e9eb71ad34395cd313df5fc51a6b69b92d2dfad32cc37759cbsha256:d6393a2c10e958baf17bead6c691302cf7adc3fbf14714fa16442df87f9d7172sha256:75108e40de9ef0c7a41ceee6292e72c89649627c3b252f775fa95b3b1e20bccesha256:711a5ea41ff5157ed327236818d0fdf946cecc525617bfe256b9bcc8689da3a8sha256:28c9efbbd06dc4b6a05ef71b2fc43ce7a9dab156c037d8f33e10f60523815cffsha256:5f70bf18a086007016e948b04aed3b82103a36bea41755b6cddfaf10ace3c6efsha256:4eb8b1caebf43578c68b2f88448b7a3c3b443de75c40328b81bb4342f7a6058e  size_mib=38
  image  policy=squash  upstream=docker.io/library/postgres@sha256:57c72fd2a128e416c7fcc499958864df5301e940bca0a56f58fddf30ffc07777  seed_tag=localhost/tdvmm-postgres-57c72fd2a128:baked  src_diffid=sha256:af5b54b4903175790ece7037a66fd16496658d7030a59e2e2360f66038d74c8c  size_mib=283  GATE=ok
  pin    upstream=docker.io/library/postgres@sha256:57c72fd2a128e416c7fcc499958864df5301e940bca0a56f58fddf30ffc07777  pinned=localhost/tdvmm-postgres-57c72fd2a128@sha256:cbf217007d0742829dc120c3ea9cd2621e90eb3adfeaf6684e87ce268a2ca368
  pin    upstream=localhost/tdvmm-demo-app:demo  pinned=localhost/tdvmm-demo-app@sha256:b40cb88833813fc1ffdb52d014420e0ff408749a56b1471b0508ee19306db9b4
tdvmm_sha256          1b86636d88f18e23f88826f804687dd5ad87b3f6fd9f5639a6ca2642355fefc5  demo.tdvmm
