# deterministic-vmm Phase-2a stack manifest (generated by bake-stack.sh).
# The reproducibility ledger for this stack: pinned image digests + the
# compose.lock.yml hash + the built initramfs artifact hash. Re-baking the
# same compose input reproduces the COMPARED lines below byte-for-byte
# (squashed images are pinned via --timestamp, so their digests are stable).
#
# build: services (2b) are built HOST-SIDE and judged by CONTENT-IDENTITY,
# not image ID: 'policy=build' lines carry content_id=<squashed-layer DiffID>
# (a SOURCE_DATE_EPOCH-normalized, reproducible filesystem hash) + the pinned
# build_base digests + the Go toolchain. Same source -> same content_id.
#
stack     health-gate
project   dvmm_health-gate
mem_mib   3072
ram_estimate_mib  1044
compose_lock_sha256  bf6f2a56e9b5c32684e711e1717294499e0e8cef3ab17ac09d148706f1beeff7
initramfs_sha256     f9051ba6e46d9311210feadd4e0ec852fb5e0c4251fcd711fe3e2362a5d65cf2  initramfs-alpine-health-gate.cpio.gz
  image  policy=plain   upstream=docker.io/library/busybox@sha256:dc2d74b28e4cf8984fa52af1f39bc7c3d9c73760b41a74d629f5d11b1ab28616  diffid=sha256:0958e0fef2d6a31e1325b8bfecd99dead933363682d69850a7606599023751bc  size_mib=4
  image  policy=plain   upstream=docker.io/library/busybox@sha256:dc2d74b28e4cf8984fa52af1f39bc7c3d9c73760b41a74d629f5d11b1ab28616  diffid=sha256:0958e0fef2d6a31e1325b8bfecd99dead933363682d69850a7606599023751bc  size_mib=4
# --- informational (NOT compared for repeatability) ---
# podman-version: 5.8.3
# baked-at: 2026-08-02T05:03:07Z
