# generated by tdvmm build -- do not edit
name: tdvmm_spinner
services:
  spinner:
    entrypoint:
    - /bin/sh
    - -c
    - echo SPINNER_UP; while :; do :; done
    image: docker.io/library/busybox@sha256:dc2d74b28e4cf8984fa52af1f39bc7c3d9c73760b41a74d629f5d11b1ab28616
    volumes:
    - /run/tdvmm/events:/run/tdvmm/events:rw
    - /run/tdvmm/ctl:/run/tdvmm/ctl:rw
  worker:
    entrypoint:
    - /bin/sh
    - -c
    - echo WORKER_UP; i=0; while :; do i=$((i+1)); echo WORKER_TICK_$i; sleep 1; done
    image: docker.io/library/busybox@sha256:dc2d74b28e4cf8984fa52af1f39bc7c3d9c73760b41a74d629f5d11b1ab28616
    volumes:
    - /run/tdvmm/events:/run/tdvmm/events:rw
    - /run/tdvmm/ctl:/run/tdvmm/ctl:rw
