# GENERATED by bake_compose.py -- do NOT edit. The only compose
# file the guest ever sees. Images pinned by digest; ports stripped;
# relative RO binds materialized to in-guest paths; project pinned.
name: tdvmm_faultlab
services:
  client:
    depends_on:
    - db
    entrypoint:
    - /bin/sh
    - -c
    - while true; do sleep 3600; done
    environment:
      PGDATABASE: appdb
      PGHOST: db
      PGUSER: postgres
    image: localhost/tdvmm-postgres-57c72fd2a128@sha256:cbf217007d0742829dc120c3ea9cd2621e90eb3adfeaf6684e87ce268a2ca368
    volumes:
    - /run/tdvmm/events:/run/tdvmm/events:rw
  db:
    environment:
      POSTGRES_DB: appdb
      POSTGRES_HOST_AUTH_METHOD: trust
    image: localhost/tdvmm-postgres-57c72fd2a128@sha256:cbf217007d0742829dc120c3ea9cd2621e90eb3adfeaf6684e87ce268a2ca368
    shm_size: 256m
    volumes:
    - /run/tdvmm/events:/run/tdvmm/events:rw
